github.com/gethugothemes/hugo-modules/accordion v0.0.0-20240207043320-fa42312441f5 h1:/oClwzTEXzBKaK7tU3j+LhJsg6aQRIH8lB75X3YQcFc=
github.com/gethugothemes/hugo-modules/accordion v0.0.0-20240207043320-fa42312441f5/go.mod h1:D4DpauKPDcUHI9CVKYmJeO6bkSJIhUN864TyXZ2o0VI=
github.com/gethugothemes/hugo-modules/adsense v0.0.0-20240207043320-fa42312441f5 h1:a3t+zfykG7UnzLNaW7p1W4OAwoi5QHM9H2OsD+VIuZg=
github.com/gethugothemes/hugo-modules/adsense v0.0.0-20240207043320-fa42312441f5/go.mod h1:8p/gG/cyyu20z4q5cFN/JGE5TOFA55Xsp+aIP9KCsqo=
github.com/gethugothemes/hugo-modules/components/cookie-consent v0.0.0-20240207043320-fa42312441f5 h1:ldlA7NdQ/KG6ANBinaJCc7++lPYrRIXIN6PG56eQQ8c=
github.com/gethugothemes/hugo-modules/components/cookie-consent v0.0.0-20240207043320-fa42312441f5/go.mod h1:511ERLpGe3ZTfV2z/NAtUSR5NqKF26h9z5lU/zYV4YQ=
github.com/gethugothemes/hugo-modules/components/custom-script v0.0.0-20240207043320-fa42312441f5 h1:bz25kCzKQMMmuBeTu4KqlSZZmxs7sVe9BfA1uXjTZL4=
github.com/gethugothemes/hugo-modules/components/custom-script v0.0.0-20240207043320-fa42312441f5/go.mod h1:RuDHq4WnK8sNEzAIJr4BZQ7oXhzcct/EKaAxc2Xvi9E=
github.com/gethugothemes/hugo-modules/components/preloader v0.0.0-20240207043320-fa42312441f5 h1:ST/wbq9wZ6NK0ePGBL9ixdEHJKTbK443oFfZVMvK384=
github.com/gethugothemes/hugo-modules/components/preloader v0.0.0-20240207043320-fa42312441f5/go.mod h1:FP0iQ3tMOesuWFZhLst2KEvUEYPb5Jk1GW+QBP9lrwg=
github.com/gethugothemes/hugo-modules/components/render-link v0.0.0-20240207043320-fa42312441f5 h1:xIoi+VMOmfGDBpCQpzWWSalKK1CXWgF74ACMuDIZaHk=
github.com/gethugothemes/hugo-modules/components/render-link v0.0.0-20240207043320-fa42312441f5/go.mod h1:z3YcIeEBUonAoRDY1/Jv1ojNVkZ5ud35a0Nn8L4Inx0=
github.com/gethugothemes/hugo-modules/components/social-share v0.0.0-20240207043320-fa42312441f5 h1:nIBcaAJneuYoocljnjdeHNlzU8wrHU+B5Y4KcLnHJjc=
github.com/gethugothemes/hugo-modules/components/social-share v0.0.0-20240207043320-fa42312441f5/go.mod h1:Gcj4RM/EBECsJMZnPeWjfy/1roRYGqzV9GYNmeHkvFA=
github.com/gethugothemes/hugo-modules/gallery-slider v0.0.0-20240207043320-fa42312441f5 h1:2mMI3+rX9712NrYXY9GvBTVpqkAYjKPyUUeYUTJtUp4=
github.com/gethugothemes/hugo-modules/gallery-slider v0.0.0-20240207043320-fa42312441f5/go.mod h1:MvQ2js/ofZ22CTX5wuvE+dC0rMe6C5HAWL2fEOu/yzE=
github.com/gethugothemes/hugo-modules/gzip-caching v0.0.0-20240207043320-fa42312441f5 h1:EKB3Tc5HTDZMbnMAno/viznbYeCVSTs/wibUrOqSJq4=
github.com/gethugothemes/hugo-modules/gzip-caching v0.0.0-20240207043320-fa42312441f5/go.mod h1:0ZMjTZVG4XLZU2/icc8Saqo4mmgMpfRTrUZU2Aa2Pwg=
github.com/gethugothemes/hugo-modules/icons/font-awesome v0.0.0-20240207043320-fa42312441f5 h1:uM76in0ouX3+awaTmKWrgfF8pLBuF/KjRvjk6SuE/bQ=
github.com/gethugothemes/hugo-modules/icons/font-awesome v0.0.0-20240207043320-fa42312441f5/go.mod h1:d3gy1vQyfasPmGpau7HpQLrXbOv23PfXclSnjyOBxeU=
github.com/gethugothemes/hugo-modules/images v0.0.0-20240207043320-fa42312441f5 h1:icWt10K0tLWqvgt3lVuQMEZ1mz5K73qkb7l/H/D6m9U=
github.com/gethugothemes/hugo-modules/images v0.0.0-20240207043320-fa42312441f5/go.mod h1:FKliP3qOW9diIcQeLtyZ0Hdhg3PL8bdAkC/6O+XtU90=
github.com/gethugothemes/hugo-modules/modal v0.0.0-20240207043320-fa42312441f5 h1:I/dIKhzQeQndqnqrYeRblkgQy8GuaaCl5L8+zzGAtLg=
github.com/gethugothemes/hugo-modules/modal v0.0.0-20240207043320-fa42312441f5/go.mod h1:Eb9v7oV6biymfvjcBhQdvgn0gUGYhUtfCMeOBLFpFsk=
github.com/gethugothemes/hugo-modules/pwa v0.0.0-20240207043320-fa42312441f5 h1:HjHBPMMUNtjqxv4Jk/vn6aY/frmmuPhlwyrP5LKbhYg=
github.com/gethugothemes/hugo-modules/pwa v0.0.0-20240207043320-fa42312441f5/go.mod h1:TRv7iszdfo37O1PbBEE+S8X/enAdpRIxK5DGrp13Qbo=
github.com/gethugothemes/hugo-modules/search v0.0.0-20240207043320-fa42312441f5 h1:V/KAb9CCdKq6pFndrgjKVT9zut+KLsrjELvg+4zky/w=
github.com/gethugothemes/hugo-modules/search v0.0.0-20240207043320-fa42312441f5/go.mod h1:tmDvLaZCM+QDvS/WLZXNjY1QTdWh7/68D2wIToECbyA=
github.com/gethugothemes/hugo-modules/seo-tools/basic-seo v0.0.0-20240207043320-fa42312441f5 h1:Kyp4wohfBDuK0N887F2Bpuk7q+IMROwlhXlXS2KYZyw=
github.com/gethugothemes/hugo-modules/seo-tools/basic-seo v0.0.0-20240207043320-fa42312441f5/go.mod h1:Q8dPgjamV7pxwKSQyWV21Xwh5CGi23/k+M8HPTphYbs=
github.com/gethugothemes/hugo-modules/seo-tools/google-tag-manager v0.0.0-20240207043320-fa42312441f5 h1:EiBkDD4/iG9pgaQ0ZI7qwsQSSYifqHcmKjNFPbbvUZA=
github.com/gethugothemes/hugo-modules/seo-tools/google-tag-manager v0.0.0-20240207043320-fa42312441f5/go.mod h1:cCq50yd55eFTrpqOfeyOK5X0hU5E7qxsqOD7IzTsgLA=
github.com/gethugothemes/hugo-modules/seo-tools/site-verifications v0.0.0-20240207043320-fa42312441f5 h1:sCKQUn4WYmNUFTOo9x1OBO0+jVZ43A+7OHmpTDRu4lU=
github.com/gethugothemes/hugo-modules/seo-tools/site-verifications v0.0.0-20240207043320-fa42312441f5/go.mod h1:iXielaya126qJscz7Bc2G2WB91moloQOoWru6UoBUyE=
github.com/gethugothemes/hugo-modules/shortcodes/button v0.0.0-20240207043320-fa42312441f5 h1:FVEtiEbaId1C827jSFzA2cy6IdE8XFRpyvLpBVi9Rdc=
github.com/gethugothemes/hugo-modules/shortcodes/button v0.0.0-20240207043320-fa42312441f5/go.mod h1:MSvxGvjvcGUKTs6YMATU/9kYFrzW+VSVdy4CCOQLdsY=
github.com/gethugothemes/hugo-modules/shortcodes/notice v0.0.0-20240207043320-fa42312441f5 h1:6Yep+hT1QIjNBu0UENj4EsV4n+u6ATWP/DtMGJIrPUc=
github.com/gethugothemes/hugo-modules/shortcodes/notice v0.0.0-20240207043320-fa42312441f5/go.mod h1:ljWyMJx82WA+6SlKjbGFhEdxcriyvUTCjXkJHDa4lho=
github.com/gethugothemes/hugo-modules/tab v0.0.0-20240207043320-fa42312441f5 h1:v1a3HHTJHKugLKSTBILHwQPpdbBN+J+X35TBg+IRyv8=
github.com/gethugothemes/hugo-modules/tab v0.0.0-20240207043320-fa42312441f5/go.mod h1:h3UxlxrFoU19JldxWLPBKaTZFe3AJtABrqo1wfxr+Ng=
github.com/gethugothemes/hugo-modules/table-of-contents v0.0.0-20240207043320-fa42312441f5 h1:vUUwBEXv4lkRjiJH4ZHckJieRCTUYQuJ6hvGZn/Zwn0=
github.com/gethugothemes/hugo-modules/table-of-contents v0.0.0-20240207043320-fa42312441f5/go.mod h1:bEDw4veccQQQYEdVrfu13ATRUWfW8ptDIjJZuhYh4Tw=
github.com/gethugothemes/hugo-modules/videos v0.0.0-20240207043320-fa42312441f5 h1:FMmq4Z884lEJHEpDlbjJFf2kh5SdU8yKUDUoJV/T2tQ=
github.com/gethugothemes/hugo-modules/videos v0.0.0-20240207043320-fa42312441f5/go.mod h1:P722lLWdnNhdZVq6gvMrOLqECUwrAYQWaOWlChta5H0=
